// !$*UTF8*$!
{
	archiveVersion = 1;
	classes = {
	};
	objectVersion = 56;
	objects = {

/* Begin PBXBuildFile section */
		13AAE89C2A029B9700C9BA7D /* Header.swift in Sources */ = {isa = PBXBuildFile; fileRef = 13AAE89B2A029B9600C9BA7D /* Header.swift */; };
		13AAE89E2A02A81F00C9BA7D /* Frontcard.swift in Sources */ = {isa = PBXBuildFile; fileRef = 13AAE89D2A02A81F00C9BA7D /* Frontcard.swift */; };
		13AAE8A22A02AADA00C9BA7D /* BtnComponent.swift in Sources */ = {isa = PBXBuildFile; fileRef = 13AAE8A12A02AADA00C9BA7D /* BtnComponent.swift */; };
		13CB3F1E2A04E33B00CEB9E2 /* TextView.swift in Sources */ = {isa = PBXBuildFile; fileRef = 13CB3F1D2A04E33B00CEB9E2 /* TextView.swift */; };
		13CB3F202A04E4CC00CEB9E2 /* Backcard.swift in Sources */ = {isa = PBXBuildFile; fileRef = 13CB3F1F2A04E4CC00CEB9E2 /* Backcard.swift */; };
		13CB3F222A04EBF300CEB9E2 /* Fullcard.swift in Sources */ = {isa = PBXBuildFile; fileRef = 13CB3F212A04EBF300CEB9E2 /* Fullcard.swift */; };
		13FCDDE329F981AA00FBB503 /* FistWeekApp.swift in Sources */ = {isa = PBXBuildFile; fileRef = 13FCDDE229F981AA00FBB503 /* FistWeekApp.swift */; };
		13FCDDE529F981AA00FBB503 /* ContentView.swift in Sources */ = {isa = PBXBuildFile; fileRef = 13FCDDE429F981AA00FBB503 /* ContentView.swift */; };
		13FCDDE729F981AC00FBB503 /* Assets.xcassets in Resources */ = {isa = PBXBuildFile; fileRef = 13FCDDE629F981AC00FBB503 /* Assets.xcassets */; };
		13FCDDEA29F981AC00FBB503 /* Preview Assets.xcassets in Resources */ = {isa = PBXBuildFile; fileRef = 13FCDDE929F981AC00FBB503 /* Preview Assets.xcassets */; };
/* End PBXBuildFile section */

/* Begin PBXFileReference section */
		13AAE89B2A029B9600C9BA7D /* Header.swift */ = {isa = PBXFileReference; lastKnownFileType = sourcecode.swift; path = Header.swift; sourceTree = "<group>"; };
		13AAE89D2A02A81F00C9BA7D /* Frontcard.swift */ = {isa = PBXFileReference; lastKnownFileType = sourcecode.swift; path = Frontcard.swift; sourceTree = "<group>"; };
		13AAE8A12A02AADA00C9BA7D /* BtnComponent.swift */ = {isa = PBXFileReference; lastKnownFileType = sourcecode.swift; path = BtnComponent.swift; sourceTree = "<group>"; };
		13CB3F1D2A04E33B00CEB9E2 /* TextView.swift */ = {isa = PBXFileReference; lastKnownFileType = sourcecode.swift; path = TextView.swift; sourceTree = "<group>"; };
		13CB3F1F2A04E4CC00CEB9E2 /* Backcard.swift */ = {isa = PBXFileReference; lastKnownFileType = sourcecode.swift; path = Backcard.swift; sourceTree = "<group>"; };
		13CB3F212A04EBF300CEB9E2 /* Fullcard.swift */ = {isa = PBXFileReference; lastKnownFileType = sourcecode.swift; path = Fullcard.swift; sourceTree = "<group>"; };
		13FCDDDF29F981AA00FBB503 /* FistWeek.app */ = {isa = PBXFileReference; explicitFileType = wrapper.application; includeInIndex = 0; path = FistWeek.app; sourceTree = BUILT_PRODUCTS_DIR; };
		13FCDDE229F981AA00FBB503 /* FistWeekApp.swift */ = {isa = PBXFileReference; lastKnownFileType = sourcecode.swift; path = FistWeekApp.swift; sourceTree = "<group>"; };
		13FCDDE429F981AA00FBB503 /* ContentView.swift */ = {isa = PBXFileReference; lastKnownFileType = sourcecode.swift; path = ContentView.swift; sourceTree = "<group>"; };
		13FCDDE629F981AC00FBB503 /* Assets.xcassets */ = {isa = PBXFileReference; lastKnownFileType = folder.assetcatalog; path = Assets.xcassets; sourceTree = "<group>"; };
		13FCDDE929F981AC00FBB503 /* Preview Assets.xcassets */ = {isa = PBXFileReference; lastKnownFileType = folder.assetcatalog; path = "Preview Assets.xcassets"; sourceTree = "<group>"; };
/* End PBXFileReference section */

/* Begin PBXFrameworksBuildPhase section */
		13FCDDDC29F981AA00FBB503 /* Frameworks */ = {
			isa = PBXFrameworksBuildPhase;
			buildActionMask = 2147483647;
			files = (
			);
			runOnlyForDeploymentPostprocessing = 0;
		};
/* End PBXFrameworksBuildPhase section */

/* Begin PBXGroup section */
		13FCDDD629F981AA00FBB503 = {
			isa = PBXGroup;
			children = (
				13FCDDE129F981AA00FBB503 /* FistWeek */,
				13FCDDE029F981AA00FBB503 /* Products */,
			);
			sourceTree = "<group>";
		};
		13FCDDE029F981AA00FBB503 /* Products */ = {
			isa = PBXGroup;
			children = (
				13FCDDDF29F981AA00FBB503 /* FistWeek.app */,
			);
			name = Products;
			sourceTree = "<group>";
		};
		13FCDDE129F981AA00FBB503 /* FistWeek */ = {
			isa = PBXGroup;
			children = (
				13CB3F1F2A04E4CC00CEB9E2 /* Backcard.swift */,
				13AAE8A12A02AADA00C9BA7D /* BtnComponent.swift */,
				13CB3F1D2A04E33B00CEB9E2 /* TextView.swift */,
				13AAE89D2A02A81F00C9BA7D /* Frontcard.swift */,
				13AAE89B2A029B9600C9BA7D /* Header.swift */,
				13FCDDE229F981AA00FBB503 /* FistWeekApp.swift */,
				13FCDDE429F981AA00FBB503 /* ContentView.swift */,
				13FCDDE629F981AC00FBB503 /* Assets.xcassets */,
				13FCDDE829F981AC00FBB503 /* Preview Content */,
				13CB3F212A04EBF300CEB9E2 /* Fullcard.swift */,
			);
			path = FistWeek;
			sourceTree = "<group>";
		};
		13FCDDE829F981AC00FBB503 /* Preview Content */ = {
			isa = PBXGroup;
			children = (
				13FCDDE929F981AC00FBB503 /* Preview Assets.xcassets */,
			);
			path = "Preview Content";
			sourceTree = "<group>";
		};
/* End PBXGroup section */

/* Begin PBXNativeTarget section */
		13FCDDDE29F981AA00FBB503 /* FistWeek */ = {
			isa = PBXNativeTarget;
			buildConfigurationList = 13FCDDED29F981AC00FBB503 /* Build configuration list for PBXNativeTarget "FistWeek" */;
			buildPhases = (
				13FCDDDB29F981AA00FBB503 /* Sources */,
				13FCDDDC29F981AA00FBB503 /* Frameworks */,
				13FCDDDD29F981AA00FBB503 /* Resources */,
			);
			buildRules = (
			);
			dependencies = (
			);
			name = FistWeek;
			productName = FistWeek;
			productReference = 13FCDDDF29F981AA00FBB503 /* FistWeek.app */;
			productType = "com.apple.product-type.application";
		};
/* End PBXNativeTarget section */

/* Begin PBXProject section */
		13FCDDD729F981AA00FBB503 /* Project object */ = {
			isa = PBXProject;
			attributes = {
				BuildIndependentTargetsInParallel = 1;
				LastSwiftUpdateCheck = 1420;
				LastUpgradeCheck = 1420;
				TargetAttributes = {
					13FCDDDE29F981AA00FBB503 = {
						CreatedOnToolsVersion = 14.2;
					};
				};
			};
			buildConfigurationList = 13FCDDDA29F981AA00FBB503 /* Build configuration list for PBXProject "FistWeek" */;
			compatibilityVersion = "Xcode 14.0";
			developmentRegion = en;
			hasScannedForEncodings = 0;
			knownRegions = (
				en,
				Base,
			);
			mainGroup = 13FCDDD629F981AA00FBB503;
			productRefGroup = 13FCDDE029F981AA00FBB503 /* Products */;
			projectDirPath = "";
			projectRoot = "";
			targets = (
				13FCDDDE29F981AA00FBB503 /* FistWeek */,
			);
		};
/* End PBXProject section */

/* Begin PBXResourcesBuildPhase section */
		13FCDDDD29F981AA00FBB503 /* Resources */ = {
			isa = PBXResourcesBuildPhase;
			buildActionMask = 2147483647;
			files = (
				13FCDDEA29F981AC00FBB503 /* Preview Assets.xcassets in Resources */,
				13FCDDE729F981AC00FBB503 /* Assets.xcassets in Resources */,
			);
			runOnlyForDeploymentPostprocessing = 0;
		};
/* End PBXResourcesBuildPhase section */

/* Begin PBXSourcesBuildPhase section */
		13FCDDDB29F981AA00FBB503 /* Sources */ = {
			isa = PBXSourcesBuildPhase;
			buildActionMask = 2147483647;
			files = (
				13FCDDE529F981AA00FBB503 /* ContentView.swift in Sources */,
				13AAE89E2A02A81F00C9BA7D /* Frontcard.swift in Sources */,
				13AAE89C2A029B9700C9BA7D /* Header.swift in Sources */,
				13CB3F1E2A04E33B00CEB9E2 /* TextView.swift in Sources */,
				13AAE8A22A02AADA00C9BA7D /* BtnComponent.swift in Sources */,
				13FCDDE329F981AA00FBB503 /* FistWeekApp.swift in Sources */,
				13CB3F222A04EBF300CEB9E2 /* Fullcard.swift in Sources */,
				13CB3F202A04E4CC00CEB9E2 /* Backcard.swift in Sources */,
			);
			runOnlyForDeploymentPostprocessing = 0;
		};
/* End PBXSourcesBuildPhase section */

/* Begin XCBuildConfiguration section */
		13FCDDEB29F981AC00FBB503 /* Debug */ = {
			isa = XCBuildConfiguration;
			buildSettings = {
				ALWAYS_SEARCH_USER_PATHS = NO;
				CLANG_ANALYZER_NONNULL = YES;
				CLANG_ANALYZER_NUMBER_OBJECT_CONVERSION = YES_AGGRESSIVE;
				CLANG_CXX_LANGUAGE_STANDARD = "gnu++20";
				CLANG_ENABLE_MODULES = YES;
				CLANG_ENABLE_OBJC_ARC = YES;
				CLANG_ENABLE_OBJC_WEAK = YES;
				CLANG_WARN_BLOCK_CAPTURE_AUTORELEASING = YES;
				CLANG_WARN_BOOL_CONVERSION = YES;
				CLANG_WARN_COMMA = YES;
				CLANG_WARN_CONSTANT_CONVERSION = YES;
				CLANG_WARN_DEPRECATED_OBJC_IMPLEMENTATIONS = YES;
				CLANG_WARN_DIRECT_OBJC_ISA_USAGE = YES_ERROR;
				CLANG_WARN_DOCUMENTATION_COMMENTS = YES;
				CLANG_WARN_EMPTY_BODY = YES;
				CLANG_WARN_ENUM_CONVERSION = YES;
				CLANG_WARN_INFINITE_RECURSION = YES;
				CLANG_WARN_INT_CONVERSION = YES;
				CLANG_WARN_NON_LITERAL_NULL_CONVERSION = YES;
				CLANG_WARN_OBJC_IMPLICIT_RETAIN_SELF = YES;
				CLANG_WARN_OBJC_LITERAL_CONVERSION = YES;
				CLANG_WARN_OBJC_ROOT_CLASS = YES_ERROR;
				CLANG_WARN_QUOTED_INCLUDE_IN_FRAMEWORK_HEADER = YES;
				CLANG_WARN_RANGE_LOOP_ANALYSIS = YES;
				CLANG_WARN_STRICT_PROTOTYPES = YES;
				CLANG_WARN_SUSPICIOUS_MOVE = YES;
				CLANG_WARN_UNGUARDED_AVAILABILITY = YES_AGGRESSIVE;
				CLANG_WARN_UNREACHABLE_CODE = YES;
				CLANG_WARN__DUPLICATE_METHOD_MATCH = YES;
				COPY_PHASE_STRIP = NO;
				DEBUG_INFORMATION_FORMAT = dwarf;
				ENABLE_STRICT_OBJC_MSGSEND = YES;
				ENABLE_TESTABILITY = YES;
				GCC_C_LANGUAGE_STANDARD = gnu11;
				GCC_DYNAMIC_NO_PIC = NO;
				GCC_NO_COMMON_BLOCKS = YES;
				GCC_OPTIMIZATION_LEVEL = 0;
				GCC_PREPROCESSOR_DEFINITIONS = (
					"DEBUG=1",
					"$(inherited)",
				);
				GCC_WARN_64_TO_32_BIT_CONVERSION = YES;
				GCC_WARN_ABOUT_RETURN_TYPE = YES_ERROR;
				GCC_WARN_UNDECLARED_SELECTOR = YES;
				GCC_WARN_UNINITIALIZED_AUTOS = YES_AGGRESSIVE;
				GCC_WARN_UNUSED_FUNCTION = YES;
				GCC_WARN_UNUSED_VARIABLE = YES;
				IPHONEOS_DEPLOYMENT_TARGET = 16.2;
				MTL_ENABLE_DEBUG_INFO = INCLUDE_SOURCE;
				MTL_FAST_MATH = YES;
				ONLY_ACTIVE_ARCH = YES;
				SDKROOT = iphoneos;
				SWIFT_ACTIVE_COMPILATION_CONDITIONS = DEBUG;
				SWIFT_OPTIMIZATION_LEVEL = "-Onone";
			};
			name = Debug;
		};
		13FCDDEC29F981AC00FBB503 /* Release */ = {
			isa = XCBuildConfiguration;
			buildSettings = {
				ALWAYS_SEARCH_USER_PATHS = NO;
				CLANG_ANALYZER_NONNULL = YES;
				CLANG_ANALYZER_NUMBER_OBJECT_CONVERSION = YES_AGGRESSIVE;
				CLANG_CXX_LANGUAGE_STANDARD = "gnu++20";
				CLANG_ENABLE_MODULES = YES;
				CLANG_ENABLE_OBJC_ARC = YES;
				CLANG_ENABLE_OBJC_WEAK = YES;
				CLANG_WARN_BLOCK_CAPTURE_AUTORELEASING = YES;
				CLANG_WARN_BOOL_CONVERSION = YES;
				CLANG_WARN_COMMA = YES;
				CLANG_WARN_CONSTANT_CONVERSION = YES;
				CLANG_WARN_DEPRECATED_OBJC_IMPLEMENTATIONS = YES;
				CLANG_WARN_DIRECT_OBJC_ISA_USAGE = YES_ERROR;
				CLANG_WARN_DOCUMENTATION_COMMENTS = YES;
				CLANG_WARN_EMPTY_BODY = YES;
				CLANG_WARN_ENUM_CONVERSION = YES;
				CLANG_WARN_INFINITE_RECURSION = YES;
				CLANG_WARN_INT_CONVERSION = YES;
				CLANG_WARN_NON_LITERAL_NULL_CONVERSION = YES;
				CLANG_WARN_OBJC_IMPLICIT_RETAIN_SELF = YES;
				CLANG_WARN_OBJC_LITERAL_CONVERSION = YES;
				CLANG_WARN_OBJC_ROOT_CLASS = YES_ERROR;
				CLANG_WARN_QUOTED_INCLUDE_IN_FRAMEWORK_HEADER = YES;
				CLANG_WARN_RANGE_LOOP_ANALYSIS = YES;
				CLANG_WARN_STRICT_PROTOTYPES = YES;
				CLANG_WARN_SUSPICIOUS_MOVE = YES;
				CLANG_WARN_UNGUARDED_AVAILABILITY = YES_AGGRESSIVE;
				CLANG_WARN_UNREACHABLE_CODE = YES;
				CLANG_WARN__DUPLICATE_METHOD_MATCH = YES;
				COPY_PHASE_STRIP = NO;
				DEBUG_INFORMATION_FORMAT = "dwarf-with-dsym";
				ENABLE_NS_ASSERTIONS = NO;
				ENABLE_STRICT_OBJC_MSGSEND = YES;
				GCC_C_LANGUAGE_STANDARD = gnu11;
				GCC_NO_COMMON_BLOCKS = YES;
				GCC_WARN_64_TO_32_BIT_CONVERSION = YES;
				GCC_WARN_ABOUT_RETURN_TYPE = YES_ERROR;
				GCC_WARN_UNDECLARED_SELECTOR = YES;
				GCC_WARN_UNINITIALIZED_AUTOS = YES_AGGRESSIVE;
				GCC_WARN_UNUSED_FUNCTION = YES;
				GCC_WARN_UNUSED_VARIABLE = YES;
				IPHONEOS_DEPLOYMENT_TARGET = 16.2;
				MTL_ENABLE_DEBUG_INFO = NO;
				MTL_FAST_MATH = YES;
				SDKROOT = iphoneos;
				SWIFT_COMPILATION_MODE = wholemodule;
				SWIFT_OPTIMIZATION_LEVEL = "-O";
				VALIDATE_PRODUCT = YES;
			};
			name = Release;
		};
		13FCDDEE29F981AC00FBB503 /* Debug */ = {
			isa = XCBuildConfiguration;
			buildSettings = {
				ASSETCATALOG_COMPILER_APPICON_NAME = AppIcon;
				ASSETCATALOG_COMPILER_GLOBAL_ACCENT_COLOR_NAME = AccentColor;
				CODE_SIGN_STYLE = Automatic;
				CURRENT_PROJECT_VERSION = 1;
				DEVELOPMENT_ASSET_PATHS = "\"FistWeek/Preview Content\"";
				ENABLE_PREVIEWS = YES;
				GENERATE_INFOPLIST_FILE = YES;
				INFOPLIST_KEY_UIApplicationSceneManifest_Generation = YES;
				INFOPLIST_KEY_UIApplicationSupportsIndirectInputEvents = YES;
				INFOPLIST_KEY_UILaunchScreen_Generation = YES;
				INFOPLIST_KEY_UISupportedInterfaceOrientations_iPad = "UIInterfaceOrientationPortrait UIInterfaceOrientationPortraitUpsideDown UIInterfaceOrientationLandscapeLeft UIInterfaceOrientationLandscapeRight";
				INFOPLIST_KEY_UISupportedInterfaceOrientations_iPhone = "UIInterfaceOrientationPortrait UIInterfaceOrientationLandscapeLeft UIInterfaceOrientationLandscapeRight";
				LD_RUNPATH_SEARCH_PATHS = (
					"$(inherited)",
					"@executable_path/Frameworks",
				);
				MARKETING_VERSION = 1.0;
				PRODUCT_BUNDLE_IDENTIFIER = d.FistWeek;
				PRODUCT_NAME = "$(TARGET_NAME)";
				SWIFT_EMIT_LOC_STRINGS = YES;
				SWIFT_VERSION = 5.0;
				TARGETED_DEVICE_FAMILY = "1,2";
			};
			name = Debug;
		};
		13FCDDEF29F981AC00FBB503 /* Release */ = {
			isa = XCBuildConfiguration;
			buildSettings = {
				ASSETCATALOG_COMPILER_APPICON_NAME = AppIcon;
				ASSETCATALOG_COMPILER_GLOBAL_ACCENT_COLOR_NAME = AccentColor;
				CODE_SIGN_STYLE = Automatic;
				CURRENT_PROJECT_VERSION = 1;
				DEVELOPMENT_ASSET_PATHS = "\"FistWeek/Preview Content\"";
				ENABLE_PREVIEWS = YES;
				GENERATE_INFOPLIST_FILE = YES;
				INFOPLIST_KEY_UIApplicationSceneManifest_Generation = YES;
				INFOPLIST_KEY_UIApplicationSupportsIndirectInputEvents = YES;
				INFOPLIST_KEY_UILaunchScreen_Generation = YES;
				INFOPLIST_KEY_UISupportedInterfaceOrientations_iPad = "UIInterfaceOrientationPortrait UIInterfaceOrientationPortraitUpsideDown UIInterfaceOrientationLandscapeLeft UIInterfaceOrientationLandscapeRight";
				INFOPLIST_KEY_UISupportedInterfaceOrientations_iPhone = "UIInterfaceOrientationPortrait UIInterfaceOrientationLandscapeLeft UIInterfaceOrientationLandscapeRight";
				LD_RUNPATH_SEARCH_PATHS = (
					"$(inherited)",
					"@executable_path/Frameworks",
				);
				MARKETING_VERSION = 1.0;
				PRODUCT_BUNDLE_IDENTIFIER = d.FistWeek;
				PRODUCT_NAME = "$(TARGET_NAME)";
				SWIFT_EMIT_LOC_STRINGS = YES;
				SWIFT_VERSION = 5.0;
				TARGETED_DEVICE_FAMILY = "1,2";
			};
			name = Release;
		};
/* End XCBuildConfiguration section */

/* Begin XCConfigurationList section */
		13FCDDDA29F981AA00FBB503 /* Build configuration list for PBXProject "FistWeek" */ = {
			isa = XCConfigurationList;
			buildConfigurations = (
				13FCDDEB29F981AC00FBB503 /* Debug */,
				13FCDDEC29F981AC00FBB503 /* Release */,
			);
			defaultConfigurationIsVisible = 0;
			defaultConfigurationName = Release;
		};
		13FCDDED29F981AC00FBB503 /* Build configuration list for PBXNativeTarget "FistWeek" */ = {
			isa = XCConfigurationList;
			buildConfigurations = (
				13FCDDEE29F981AC00FBB503 /* Debug */,
				13FCDDEF29F981AC00FBB503 /* Release */,
			);
			defaultConfigurationIsVisible = 0;
			defaultConfigurationName = Release;
		};
/* End XCConfigurationList section */
	};
	rootObject = 13FCDDD729F981AA00FBB503 /* Project object */;
}
